// !$*UTF8*$!
{
	archiveVersion = 1;
	classes = {
	};
	objectVersion = 56;
	objects = {

/* Begin PBXBuildFile section */
		224C35182A8F814D00C232A1 /* AppDelegate.swift in Sources */ = {isa = PBXBuildFile; fileRef = 224C35172A8F814D00C232A1 /* AppDelegate.swift */; };
		224C351A2A8F814D00C232A1 /* SceneDelegate.swift in Sources */ = {isa = PBXBuildFile; fileRef = 224C35192A8F814D00C232A1 /* SceneDelegate.swift */; };
		224C351C2A8F814D00C232A1 /* MainPage.swift in Sources */ = {isa = PBXBuildFile; fileRef = 224C351B2A8F814D00C232A1 /* MainPage.swift */; };
		224C351F2A8F814D00C232A1 /* Main.storyboard in Resources */ = {isa = PBXBuildFile; fileRef = 224C351D2A8F814D00C232A1 /* Main.storyboard */; };
		224C35212A8F815100C232A1 /* Assets.xcassets in Resources */ = {isa = PBXBuildFile; fileRef = 224C35202A8F815100C232A1 /* Assets.xcassets */; };
		224C35242A8F815100C232A1 /* LaunchScreen.storyboard in Resources */ = {isa = PBXBuildFile; fileRef = 224C35222A8F815100C232A1 /* LaunchScreen.storyboard */; };
		2252424D2A916DFC00CCF722 /* TabBarViewController.swift in Sources */ = {isa = PBXBuildFile; fileRef = 2252424C2A916DFC00CCF722 /* TabBarViewController.swift */; };
		2252424F2A91770D00CCF722 /* ProductDataManager.swift in Sources */ = {isa = PBXBuildFile; fileRef = 2252424E2A91770D00CCF722 /* ProductDataManager.swift */; };
		22BC97AD2A8FB6FE00CE3AF4 /* Product.swift in Sources */ = {isa = PBXBuildFile; fileRef = 22BC97AC2A8FB6FE00CE3AF4 /* Product.swift */; };
		22BC97AF2A8FC4AE00CE3AF4 /* ProductCell.swift in Sources */ = {isa = PBXBuildFile; fileRef = 22BC97AE2A8FC4AE00CE3AF4 /* ProductCell.swift */; };
/* End PBXBuildFile section */

/* Begin PBXFileReference section */
		224C35142A8F814D00C232A1 /* DolapCloneApp.app */ = {isa = PBXFileReference; explicitFileType = wrapper.application; includeInIndex = 0; path = DolapCloneApp.app; sourceTree = BUILT_PRODUCTS_DIR; };
		224C35172A8F814D00C232A1 /* AppDelegate.swift */ = {isa = PBXFileReference; lastKnownFileType = sourcecode.swift; path = AppDelegate.swift; sourceTree = "<group>"; };
		224C35192A8F814D00C232A1 /* SceneDelegate.swift */ = {isa = PBXFileReference; lastKnownFileType = sourcecode.swift; path = SceneDelegate.swift; sourceTree = "<group>"; };
		224C351B2A8F814D00C232A1 /* MainPage.swift */ = {isa = PBXFileReference; lastKnownFileType = sourcecode.swift; path = MainPage.swift; sourceTree = "<group>"; };
		224C351E2A8F814D00C232A1 /* Base */ = {isa = PBXFileReference; lastKnownFileType = file.storyboard; name = Base; path = Base.lproj/Main.storyboard; sourceTree = "<group>"; };
		224C35202A8F815100C232A1 /* Assets.xcassets */ = {isa = PBXFileReference; lastKnownFileType = folder.assetcatalog; path = Assets.xcassets; sourceTree = "<group>"; };
		224C35232A8F815100C232A1 /* Base */ = {isa = PBXFileReference; lastKnownFileType = file.storyboard; name = Base; path = Base.lproj/LaunchScreen.storyboard; sourceTree = "<group>"; };
		224C35252A8F815100C232A1 /* Info.plist */ = {isa = PBXFileReference; lastKnownFileType = text.plist.xml; path = Info.plist; sourceTree = "<group>"; };
		2252424C2A916DFC00CCF722 /* TabBarViewController.swift */ = {isa = PBXFileReference; lastKnownFileType = sourcecode.swift; path = TabBarViewController.swift; sourceTree = "<group>"; };
		2252424E2A91770D00CCF722 /* ProductDataManager.swift */ = {isa = PBXFileReference; lastKnownFileType = sourcecode.swift; path = ProductDataManager.swift; sourceTree = "<group>"; };
		22BC97AC2A8FB6FE00CE3AF4 /* Product.swift */ = {isa = PBXFileReference; lastKnownFileType = sourcecode.swift; path = Product.swift; sourceTree = "<group>"; };
		22BC97AE2A8FC4AE00CE3AF4 /* ProductCell.swift */ = {isa = PBXFileReference; lastKnownFileType = sourcecode.swift; path = ProductCell.swift; sourceTree = "<group>"; };
/* End PBXFileReference section */

/* Begin PBXFrameworksBuildPhase section */
		224C35112A8F814D00C232A1 /* Frameworks */ = {
			isa = PBXFrameworksBuildPhase;
			buildActionMask = 2147483647;
			files = (
			);
			runOnlyForDeploymentPostprocessing = 0;
		};
/* End PBXFrameworksBuildPhase section */

/* Begin PBXGroup section */
		224C350B2A8F814D00C232A1 = {
			isa = PBXGroup;
			children = (
				224C35162A8F814D00C232A1 /* DolapCloneApp */,
				224C35152A8F814D00C232A1 /* Products */,
			);
			sourceTree = "<group>";
		};
		224C35152A8F814D00C232A1 /* Products */ = {
			isa = PBXGroup;
			children = (
				224C35142A8F814D00C232A1 /* DolapCloneApp.app */,
			);
			name = Products;
			sourceTree = "<group>";
		};
		224C35162A8F814D00C232A1 /* DolapCloneApp */ = {
			isa = PBXGroup;
			children = (
				225242512A917AD000CCF722 /* storyboard */,
				225242502A917A5100CCF722 /* files */,
				224C352C2A8F820700C232A1 /* data */,
				224C352B2A8F820000C232A1 /* ui */,
			);
			path = DolapCloneApp;
			sourceTree = "<group>";
		};
		224C352B2A8F820000C232A1 /* ui */ = {
			isa = PBXGroup;
			children = (
				224C352D2A8F821000C232A1 /* views */,
			);
			path = ui;
			sourceTree = "<group>";
		};
		224C352C2A8F820700C232A1 /* data */ = {
			isa = PBXGroup;
			children = (
				224C352E2A8F821A00C232A1 /* entity */,
			);
			path = data;
			sourceTree = "<group>";
		};
		224C352D2A8F821000C232A1 /* views */ = {
			isa = PBXGroup;
			children = (
				22BC97AE2A8FC4AE00CE3AF4 /* ProductCell.swift */,
				224C351B2A8F814D00C232A1 /* MainPage.swift */,
				2252424C2A916DFC00CCF722 /* TabBarViewController.swift */,
			);
			path = views;
			sourceTree = "<group>";
		};
		224C352E2A8F821A00C232A1 /* entity */ = {
			isa = PBXGroup;
			children = (
				22BC97AC2A8FB6FE00CE3AF4 /* Product.swift */,
				2252424E2A91770D00CCF722 /* ProductDataManager.swift */,
			);
			path = entity;
			sourceTree = "<group>";
		};
		225242502A917A5100CCF722 /* files */ = {
			isa = PBXGroup;
			children = (
				224C35172A8F814D00C232A1 /* AppDelegate.swift */,
				224C35192A8F814D00C232A1 /* SceneDelegate.swift */,
				224C35202A8F815100C232A1 /* Assets.xcassets */,
				224C35252A8F815100C232A1 /* Info.plist */,
			);
			path = files;
			sourceTree = "<group>";
		};
		225242512A917AD000CCF722 /* storyboard */ = {
			isa = PBXGroup;
			children = (
				224C351D2A8F814D00C232A1 /* Main.storyboard */,
				224C35222A8F815100C232A1 /* LaunchScreen.storyboard */,
			);
			path = storyboard;
			sourceTree = "<group>";
		};
/* End PBXGroup section */

/* Begin PBXNativeTarget section */
		224C35132A8F814D00C232A1 /* DolapCloneApp */ = {
			isa = PBXNativeTarget;
			buildConfigurationList = 224C35282A8F815100C232A1 /* Build configuration list for PBXNativeTarget "DolapCloneApp" */;
			buildPhases = (
				224C35102A8F814D00C232A1 /* Sources */,
				224C35112A8F814D00C232A1 /* Frameworks */,
				224C35122A8F814D00C232A1 /* Resources */,
			);
			buildRules = (
			);
			dependencies = (
			);
			name = DolapCloneApp;
			productName = DolapCloneApp;
			productReference = 224C35142A8F814D00C232A1 /* DolapCloneApp.app */;
			productType = "com.apple.product-type.application";
		};
/* End PBXNativeTarget section */

/* Begin PBXProject section */
		224C350C2A8F814D00C232A1 /* Project object */ = {
			isa = PBXProject;
			attributes = {
				BuildIndependentTargetsInParallel = 1;
				LastSwiftUpdateCheck = 1420;
				LastUpgradeCheck = 1420;
				TargetAttributes = {
					224C35132A8F814D00C232A1 = {
						CreatedOnToolsVersion = 14.2;
					};
				};
			};
			buildConfigurationList = 224C350F2A8F814D00C232A1 /* Build configuration list for PBXProject "DolapCloneApp" */;
			compatibilityVersion = "Xcode 14.0";
			developmentRegion = en;
			hasScannedForEncodings = 0;
			knownRegions = (
				en,
				Base,
			);
			mainGroup = 224C350B2A8F814D00C232A1;
			productRefGroup = 224C35152A8F814D00C232A1 /* Products */;
			projectDirPath = "";
			projectRoot = "";
			targets = (
				224C35132A8F814D00C232A1 /* DolapCloneApp */,
			);
		};
/* End PBXProject section */

/* Begin PBXResourcesBuildPhase section */
		224C35122A8F814D00C232A1 /* Resources */ = {
			isa = PBXResourcesBuildPhase;
			buildActionMask = 2147483647;
			files = (
				224C35242A8F815100C232A1 /* LaunchScreen.storyboard in Resources */,
				224C35212A8F815100C232A1 /* Assets.xcassets in Resources */,
				224C351F2A8F814D00C232A1 /* Main.storyboard in Resources */,
			);
			runOnlyForDeploymentPostprocessing = 0;
		};
/* End PBXResourcesBuildPhase section */

/* Begin PBXSourcesBuildPhase section */
		224C35102A8F814D00C232A1 /* Sources */ = {
			isa = PBXSourcesBuildPhase;
			buildActionMask = 2147483647;
			files = (
				224C351C2A8F814D00C232A1 /* MainPage.swift in Sources */,
				22BC97AD2A8FB6FE00CE3AF4 /* Product.swift in Sources */,
				22BC97AF2A8FC4AE00CE3AF4 /* ProductCell.swift in Sources */,
				224C35182A8F814D00C232A1 /* AppDelegate.swift in Sources */,
				2252424D2A916DFC00CCF722 /* TabBarViewController.swift in Sources */,
				2252424F2A91770D00CCF722 /* ProductDataManager.swift in Sources */,
				224C351A2A8F814D00C232A1 /* SceneDelegate.swift in Sources */,
			);
			runOnlyForDeploymentPostprocessing = 0;
		};
/* End PBXSourcesBuildPhase section */

/* Begin PBXVariantGroup section */
		224C351D2A8F814D00C232A1 /* Main.storyboard */ = {
			isa = PBXVariantGroup;
			children = (
				224C351E2A8F814D00C232A1 /* Base */,
			);
			name = Main.storyboard;
			sourceTree = "<group>";
		};
		224C35222A8F815100C232A1 /* LaunchScreen.storyboard */ = {
			isa = PBXVariantGroup;
			children = (
				224C35232A8F815100C232A1 /* Base */,
			);
			name = LaunchScreen.storyboard;
			sourceTree = "<group>";
		};
/* End PBXVariantGroup section */

/* Begin XCBuildConfiguration section */
		224C35262A8F815100C232A1 /* Debug */ = {
			isa = XCBuildConfiguration;
			buildSettings = {
				ALWAYS_SEARCH_USER_PATHS = NO;
				CLANG_ANALYZER_NONNULL = YES;
				CLANG_ANALYZER_NUMBER_OBJECT_CONVERSION = YES_AGGRESSIVE;
				CLANG_CXX_LANGUAGE_STANDARD = "gnu++20";
				CLANG_ENABLE_MODULES = YES;
				CLANG_ENABLE_OBJC_ARC = YES;
				CLANG_ENABLE_OBJC_WEAK = YES;
				CLANG_WARN_BLOCK_CAPTURE_AUTORELEASING = YES;
				CLANG_WARN_BOOL_CONVERSION = YES;
				CLANG_WARN_COMMA = YES;
				CLANG_WARN_CONSTANT_CONVERSION = YES;
				CLANG_WARN_DEPRECATED_OBJC_IMPLEMENTATIONS = YES;
				CLANG_WARN_DIRECT_OBJC_ISA_USAGE = YES_ERROR;
				CLANG_WARN_DOCUMENTATION_COMMENTS = YES;
				CLANG_WARN_EMPTY_BODY = YES;
				CLANG_WARN_ENUM_CONVERSION = YES;
				CLANG_WARN_INFINITE_RECURSION = YES;
				CLANG_WARN_INT_CONVERSION = YES;
				CLANG_WARN_NON_LITERAL_NULL_CONVERSION = YES;
				CLANG_WARN_OBJC_IMPLICIT_RETAIN_SELF = YES;
				CLANG_WARN_OBJC_LITERAL_CONVERSION = YES;
				CLANG_WARN_OBJC_ROOT_CLASS = YES_ERROR;
				CLANG_WARN_QUOTED_INCLUDE_IN_FRAMEWORK_HEADER = YES;
				CLANG_WARN_RANGE_LOOP_ANALYSIS = YES;
				CLANG_WARN_STRICT_PROTOTYPES = YES;
				CLANG_WARN_SUSPICIOUS_MOVE = YES;
				CLANG_WARN_UNGUARDED_AVAILABILITY = YES_AGGRESSIVE;
				CLANG_WARN_UNREACHABLE_CODE = YES;
				CLANG_WARN__DUPLICATE_METHOD_MATCH = YES;
				COPY_PHASE_STRIP = NO;
				DEBUG_INFORMATION_FORMAT = dwarf;
				ENABLE_STRICT_OBJC_MSGSEND = YES;
				ENABLE_TESTABILITY = YES;
				GCC_C_LANGUAGE_STANDARD = gnu11;
				GCC_DYNAMIC_NO_PIC = NO;
				GCC_NO_COMMON_BLOCKS = YES;
				GCC_OPTIMIZATION_LEVEL = 0;
				GCC_PREPROCESSOR_DEFINITIONS = (
					"DEBUG=1",
					"$(inherited)",
				);
				GCC_WARN_64_TO_32_BIT_CONVERSION = YES;
				GCC_WARN_ABOUT_RETURN_TYPE = YES_ERROR;
				GCC_WARN_UNDECLARED_SELECTOR = YES;
				GCC_WARN_UNINITIALIZED_AUTOS = YES_AGGRESSIVE;
				GCC_WARN_UNUSED_FUNCTION = YES;
				GCC_WARN_UNUSED_VARIABLE = YES;
				IPHONEOS_DEPLOYMENT_TARGET = 16.2;
				MTL_ENABLE_DEBUG_INFO = INCLUDE_SOURCE;
				MTL_FAST_MATH = YES;
				ONLY_ACTIVE_ARCH = YES;
				SDKROOT = iphoneos;
				SWIFT_ACTIVE_COMPILATION_CONDITIONS = DEBUG;
				SWIFT_OPTIMIZATION_LEVEL = "-Onone";
			};
			name = Debug;
		};
		224C35272A8F815100C232A1 /* Release */ = {
			isa = XCBuildConfiguration;
			buildSettings = {
				ALWAYS_SEARCH_USER_PATHS = NO;
				CLANG_ANALYZER_NONNULL = YES;
				CLANG_ANALYZER_NUMBER_OBJECT_CONVERSION = YES_AGGRESSIVE;
				CLANG_CXX_LANGUAGE_STANDARD = "gnu++20";
				CLANG_ENABLE_MODULES = YES;
				CLANG_ENABLE_OBJC_ARC = YES;
				CLANG_ENABLE_OBJC_WEAK = YES;
				CLANG_WARN_BLOCK_CAPTURE_AUTORELEASING = YES;
				CLANG_WARN_BOOL_CONVERSION = YES;
				CLANG_WARN_COMMA = YES;
				CLANG_WARN_CONSTANT_CONVERSION = YES;
				CLANG_WARN_DEPRECATED_OBJC_IMPLEMENTATIONS = YES;
				CLANG_WARN_DIRECT_OBJC_ISA_USAGE = YES_ERROR;
				CLANG_WARN_DOCUMENTATION_COMMENTS = YES;
				CLANG_WARN_EMPTY_BODY = YES;
				CLANG_WARN_ENUM_CONVERSION = YES;
				CLANG_WARN_INFINITE_RECURSION = YES;
				CLANG_WARN_INT_CONVERSION = YES;
				CLANG_WARN_NON_LITERAL_NULL_CONVERSION = YES;
				CLANG_WARN_OBJC_IMPLICIT_RETAIN_SELF = YES;
				CLANG_WARN_OBJC_LITERAL_CONVERSION = YES;
				CLANG_WARN_OBJC_ROOT_CLASS = YES_ERROR;
				CLANG_WARN_QUOTED_INCLUDE_IN_FRAMEWORK_HEADER = YES;
				CLANG_WARN_RANGE_LOOP_ANALYSIS = YES;
				CLANG_WARN_STRICT_PROTOTYPES = YES;
				CLANG_WARN_SUSPICIOUS_MOVE = YES;
				CLANG_WARN_UNGUARDED_AVAILABILITY = YES_AGGRESSIVE;
				CLANG_WARN_UNREACHABLE_CODE = YES;
				CLANG_WARN__DUPLICATE_METHOD_MATCH = YES;
				COPY_PHASE_STRIP = NO;
				DEBUG_INFORMATION_FORMAT = "dwarf-with-dsym";
				ENABLE_NS_ASSERTIONS = NO;
				ENABLE_STRICT_OBJC_MSGSEND = YES;
				GCC_C_LANGUAGE_STANDARD = gnu11;
				GCC_NO_COMMON_BLOCKS = YES;
				GCC_WARN_64_TO_32_BIT_CONVERSION = YES;
				GCC_WARN_ABOUT_RETURN_TYPE = YES_ERROR;
				GCC_WARN_UNDECLARED_SELECTOR = YES;
				GCC_WARN_UNINITIALIZED_AUTOS = YES_AGGRESSIVE;
				GCC_WARN_UNUSED_FUNCTION = YES;
				GCC_WARN_UNUSED_VARIABLE = YES;
				IPHONEOS_DEPLOYMENT_TARGET = 16.2;
				MTL_ENABLE_DEBUG_INFO = NO;
				MTL_FAST_MATH = YES;
				SDKROOT = iphoneos;
				SWIFT_COMPILATION_MODE = wholemodule;
				SWIFT_OPTIMIZATION_LEVEL = "-O";
				VALIDATE_PRODUCT = YES;
			};
			name = Release;
		};
		224C35292A8F815100C232A1 /* Debug */ = {
			isa = XCBuildConfiguration;
			buildSettings = {
				ASSETCATALOG_COMPILER_APPICON_NAME = AppIcon;
				ASSETCATALOG_COMPILER_GLOBAL_ACCENT_COLOR_NAME = AccentColor;
				CODE_SIGN_STYLE = Automatic;
				CURRENT_PROJECT_VERSION = 1;
				DEVELOPMENT_TEAM = G8FFKF9HW5;
				GENERATE_INFOPLIST_FILE = YES;
				INFOPLIST_FILE = DolapCloneApp/Info.plist;
				INFOPLIST_KEY_UIApplicationSupportsIndirectInputEvents = YES;
				INFOPLIST_KEY_UILaunchStoryboardName = LaunchScreen;
				INFOPLIST_KEY_UIMainStoryboardFile = Main;
				INFOPLIST_KEY_UISupportedInterfaceOrientations_iPad = "UIInterfaceOrientationPortrait UIInterfaceOrientationPortraitUpsideDown UIInterfaceOrientationLandscapeLeft UIInterfaceOrientationLandscapeRight";
				INFOPLIST_KEY_UISupportedInterfaceOrientations_iPhone = "UIInterfaceOrientationPortrait UIInterfaceOrientationLandscapeLeft UIInterfaceOrientationLandscapeRight";
				LD_RUNPATH_SEARCH_PATHS = (
					"$(inherited)",
					"@executable_path/Frameworks",
				);
				MARKETING_VERSION = 1.0;
				PRODUCT_BUNDLE_IDENTIFIER = com.info.DolapCloneApp;
				PRODUCT_NAME = "$(TARGET_NAME)";
				SWIFT_EMIT_LOC_STRINGS = YES;
				SWIFT_VERSION = 5.0;
				TARGETED_DEVICE_FAMILY = "1,2";
			};
			name = Debug;
		};
		224C352A2A8F815100C232A1 /* Release */ = {
			isa = XCBuildConfiguration;
			buildSettings = {
				ASSETCATALOG_COMPILER_APPICON_NAME = AppIcon;
				ASSETCATALOG_COMPILER_GLOBAL_ACCENT_COLOR_NAME = AccentColor;
				CODE_SIGN_STYLE = Automatic;
				CURRENT_PROJECT_VERSION = 1;
				DEVELOPMENT_TEAM = G8FFKF9HW5;
				GENERATE_INFOPLIST_FILE = YES;
				INFOPLIST_FILE = DolapCloneApp/Info.plist;
				INFOPLIST_KEY_UIApplicationSupportsIndirectInputEvents = YES;
				INFOPLIST_KEY_UILaunchStoryboardName = LaunchScreen;
				INFOPLIST_KEY_UIMainStoryboardFile = Main;
				INFOPLIST_KEY_UISupportedInterfaceOrientations_iPad = "UIInterfaceOrientationPortrait UIInterfaceOrientationPortraitUpsideDown UIInterfaceOrientationLandscapeLeft UIInterfaceOrientationLandscapeRight";
				INFOPLIST_KEY_UISupportedInterfaceOrientations_iPhone = "UIInterfaceOrientationPortrait UIInterfaceOrientationLandscapeLeft UIInterfaceOrientationLandscapeRight";
				LD_RUNPATH_SEARCH_PATHS = (
					"$(inherited)",
					"@executable_path/Frameworks",
				);
				MARKETING_VERSION = 1.0;
				PRODUCT_BUNDLE_IDENTIFIER = com.info.DolapCloneApp;
				PRODUCT_NAME = "$(TARGET_NAME)";
				SWIFT_EMIT_LOC_STRINGS = YES;
				SWIFT_VERSION = 5.0;
				TARGETED_DEVICE_FAMILY = "1,2";
			};
			name = Release;
		};
/* End XCBuildConfiguration section */

/* Begin XCConfigurationList section */
		224C350F2A8F814D00C232A1 /* Build configuration list for PBXProject "DolapCloneApp" */ = {
			isa = XCConfigurationList;
			buildConfigurations = (
				224C35262A8F815100C232A1 /* Debug */,
				224C35272A8F815100C232A1 /* Release */,
			);
			defaultConfigurationIsVisible = 0;
			defaultConfigurationName = Release;
		};
		224C35282A8F815100C232A1 /* Build configuration list for PBXNativeTarget "DolapCloneApp" */ = {
			isa = XCConfigurationList;
			buildConfigurations = (
				224C35292A8F815100C232A1 /* Debug */,
				224C352A2A8F815100C232A1 /* Release */,
			);
			defaultConfigurationIsVisible = 0;
			defaultConfigurationName = Release;
		};
/* End XCConfigurationList section */
	};
	rootObject = 224C350C2A8F814D00C232A1 /* Project object */;
}
